// !$*UTF8*$!
{
	archiveVersion = 1;
	classes = {
	};
	objectVersion = 50;
	objects = {

/* Begin PBXBuildFile section */
		820931D5259DF48C0032B6C2 /* PictureBookApp.swift in Sources */ = {isa = PBXBuildFile; fileRef = 820931D4259DF48C0032B6C2 /* PictureBookApp.swift */; };
		820931D7259DF48C0032B6C2 /* ContentView.swift in Sources */ = {isa = PBXBuildFile; fileRef = 820931D6259DF48C0032B6C2 /* ContentView.swift */; };
		820931D9259DF48F0032B6C2 /* Assets.xcassets in Resources */ = {isa = PBXBuildFile; fileRef = 820931D8259DF48F0032B6C2 /* Assets.xcassets */; };
		820931DC259DF48F0032B6C2 /* Preview Assets.xcassets in Resources */ = {isa = PBXBuildFile; fileRef = 820931DB259DF48F0032B6C2 /* Preview Assets.xcassets */; };
		820931E5259DF5A10032B6C2 /* IntroPage.swift in Sources */ = {isa = PBXBuildFile; fileRef = 820931E4259DF5A10032B6C2 /* IntroPage.swift */; };
		820931EC259DF69D0032B6C2 /* FinalPage.swift in Sources */ = {isa = PBXBuildFile; fileRef = 820931EB259DF69D0032B6C2 /* FinalPage.swift */; };
		820931F7259DFC430032B6C2 /* StoryPage1.swift in Sources */ = {isa = PBXBuildFile; fileRef = 820931F6259DFC430032B6C2 /* StoryPage1.swift */; };
		82FE33B025AA1BF8009CAB8F /* StoryData.swift in Sources */ = {isa = PBXBuildFile; fileRef = 82FE33AF25AA1BF8009CAB8F /* StoryData.swift */; };
		82FE33B325AA1DF3009CAB8F /* StoryPage2.swift in Sources */ = {isa = PBXBuildFile; fileRef = 82FE33B225AA1DF3009CAB8F /* StoryPage2.swift */; };
/* End PBXBuildFile section */

/* Begin PBXFileReference section */
		820931D1259DF48C0032B6C2 /* PictureBook.app */ = {isa = PBXFileReference; explicitFileType = wrapper.application; includeInIndex = 0; path = PictureBook.app; sourceTree = BUILT_PRODUCTS_DIR; };
		820931D4259DF48C0032B6C2 /* PictureBookApp.swift */ = {isa = PBXFileReference; lastKnownFileType = sourcecode.swift; path = PictureBookApp.swift; sourceTree = "<group>"; };
		820931D6259DF48C0032B6C2 /* ContentView.swift */ = {isa = PBXFileReference; lastKnownFileType = sourcecode.swift; path = ContentView.swift; sourceTree = "<group>"; };
		820931D8259DF48F0032B6C2 /* Assets.xcassets */ = {isa = PBXFileReference; lastKnownFileType = folder.assetcatalog; path = Assets.xcassets; sourceTree = "<group>"; };
		820931DB259DF48F0032B6C2 /* Preview Assets.xcassets */ = {isa = PBXFileReference; lastKnownFileType = folder.assetcatalog; path = "Preview Assets.xcassets"; sourceTree = "<group>"; };
		820931DD259DF48F0032B6C2 /* Info.plist */ = {isa = PBXFileReference; lastKnownFileType = text.plist.xml; path = Info.plist; sourceTree = "<group>"; };
		820931E4259DF5A10032B6C2 /* IntroPage.swift */ = {isa = PBXFileReference; lastKnownFileType = sourcecode.swift; path = IntroPage.swift; sourceTree = "<group>"; };
		820931EB259DF69D0032B6C2 /* FinalPage.swift */ = {isa = PBXFileReference; lastKnownFileType = sourcecode.swift; path = FinalPage.swift; sourceTree = "<group>"; };
		820931F6259DFC430032B6C2 /* StoryPage1.swift */ = {isa = PBXFileReference; lastKnownFileType = sourcecode.swift; path = StoryPage1.swift; sourceTree = "<group>"; };
		82FE33AF25AA1BF8009CAB8F /* StoryData.swift */ = {isa = PBXFileReference; lastKnownFileType = sourcecode.swift; path = StoryData.swift; sourceTree = "<group>"; };
		82FE33B225AA1DF3009CAB8F /* StoryPage2.swift */ = {isa = PBXFileReference; lastKnownFileType = sourcecode.swift; path = StoryPage2.swift; sourceTree = "<group>"; };
/* End PBXFileReference section */

/* Begin PBXFrameworksBuildPhase section */
		820931CE259DF48C0032B6C2 /* Frameworks */ = {
			isa = PBXFrameworksBuildPhase;
			buildActionMask = 2147483647;
			files = (
			);
			runOnlyForDeploymentPostprocessing = 0;
		};
/* End PBXFrameworksBuildPhase section */

/* Begin PBXGroup section */
		820931C8259DF48C0032B6C2 = {
			isa = PBXGroup;
			children = (
				820931D3259DF48C0032B6C2 /* PictureBook */,
				820931D2259DF48C0032B6C2 /* Products */,
			);
			sourceTree = "<group>";
		};
		820931D2259DF48C0032B6C2 /* Products */ = {
			isa = PBXGroup;
			children = (
				820931D1259DF48C0032B6C2 /* PictureBook.app */,
			);
			name = Products;
			sourceTree = "<group>";
		};
		820931D3259DF48C0032B6C2 /* PictureBook */ = {
			isa = PBXGroup;
			children = (
				820931D4259DF48C0032B6C2 /* PictureBookApp.swift */,
				820931EE259DF75B0032B6C2 /* Pages */,
				820931D6259DF48C0032B6C2 /* ContentView.swift */,
				820931D8259DF48F0032B6C2 /* Assets.xcassets */,
				820931DD259DF48F0032B6C2 /* Info.plist */,
				820931DA259DF48F0032B6C2 /* Preview Content */,
			);
			path = PictureBook;
			sourceTree = "<group>";
		};
		820931DA259DF48F0032B6C2 /* Preview Content */ = {
			isa = PBXGroup;
			children = (
				820931DB259DF48F0032B6C2 /* Preview Assets.xcassets */,
			);
			path = "Preview Content";
			sourceTree = "<group>";
		};
		820931EE259DF75B0032B6C2 /* Pages */ = {
			isa = PBXGroup;
			children = (
				820931E4259DF5A10032B6C2 /* IntroPage.swift */,
				820931F6259DFC430032B6C2 /* StoryPage1.swift */,
				82FE33B225AA1DF3009CAB8F /* StoryPage2.swift */,
				82FE33AF25AA1BF8009CAB8F /* StoryData.swift */,
				820931EB259DF69D0032B6C2 /* FinalPage.swift */,
			);
			path = Pages;
			sourceTree = "<group>";
		};
/* End PBXGroup section */

/* Begin PBXNativeTarget section */
		820931D0259DF48C0032B6C2 /* PictureBook */ = {
			isa = PBXNativeTarget;
			buildConfigurationList = 820931E0259DF48F0032B6C2 /* Build configuration list for PBXNativeTarget "PictureBook" */;
			buildPhases = (
				820931CD259DF48C0032B6C2 /* Sources */,
				820931CE259DF48C0032B6C2 /* Frameworks */,
				820931CF259DF48C0032B6C2 /* Resources */,
			);
			buildRules = (
			);
			dependencies = (
			);
			name = PictureBook;
			productName = PictureBook;
			productReference = 820931D1259DF48C0032B6C2 /* PictureBook.app */;
			productType = "com.apple.product-type.application";
		};
/* End PBXNativeTarget section */

/* Begin PBXProject section */
		820931C9259DF48C0032B6C2 /* Project object */ = {
			isa = PBXProject;
			attributes = {
				LastSwiftUpdateCheck = 1230;
				LastUpgradeCheck = 1230;
				TargetAttributes = {
					820931D0259DF48C0032B6C2 = {
						CreatedOnToolsVersion = 12.3;
					};
				};
			};
			buildConfigurationList = 820931CC259DF48C0032B6C2 /* Build configuration list for PBXProject "PictureBook" */;
			compatibilityVersion = "Xcode 9.3";
			developmentRegion = en;
			hasScannedForEncodings = 0;
			knownRegions = (
				en,
				Base,
			);
			mainGroup = 820931C8259DF48C0032B6C2;
			productRefGroup = 820931D2259DF48C0032B6C2 /* Products */;
			projectDirPath = "";
			projectRoot = "";
			targets = (
				820931D0259DF48C0032B6C2 /* PictureBook */,
			);
		};
/* End PBXProject section */

/* Begin PBXResourcesBuildPhase section */
		820931CF259DF48C0032B6C2 /* Resources */ = {
			isa = PBXResourcesBuildPhase;
			buildActionMask = 2147483647;
			files = (
				820931DC259DF48F0032B6C2 /* Preview Assets.xcassets in Resources */,
				820931D9259DF48F0032B6C2 /* Assets.xcassets in Resources */,
			);
			runOnlyForDeploymentPostprocessing = 0;
		};
/* End PBXResourcesBuildPhase section */

/* Begin PBXSourcesBuildPhase section */
		820931CD259DF48C0032B6C2 /* Sources */ = {
			isa = PBXSourcesBuildPhase;
			buildActionMask = 2147483647;
			files = (
				820931E5259DF5A10032B6C2 /* IntroPage.swift in Sources */,
				82FE33B325AA1DF3009CAB8F /* StoryPage2.swift in Sources */,
				820931F7259DFC430032B6C2 /* StoryPage1.swift in Sources */,
				820931EC259DF69D0032B6C2 /* FinalPage.swift in Sources */,
				820931D7259DF48C0032B6C2 /* ContentView.swift in Sources */,
				820931D5259DF48C0032B6C2 /* PictureBookApp.swift in Sources */,
				82FE33B025AA1BF8009CAB8F /* StoryData.swift in Sources */,
			);
			runOnlyForDeploymentPostprocessing = 0;
		};
/* End PBXSourcesBuildPhase section */

/* Begin XCBuildConfiguration section */
		820931DE259DF48F0032B6C2 /* Debug */ = {
			isa = XCBuildConfiguration;
			buildSettings = {
				ALWAYS_SEARCH_USER_PATHS = NO;
				CLANG_ANALYZER_NONNULL = YES;
				CLANG_ANALYZER_NUMBER_OBJECT_CONVERSION = YES_AGGRESSIVE;
				CLANG_CXX_LANGUAGE_STANDARD = "gnu++14";
				CLANG_CXX_LIBRARY = "libc++";
				CLANG_ENABLE_MODULES = YES;
				CLANG_ENABLE_OBJC_ARC = YES;
				CLANG_ENABLE_OBJC_WEAK = YES;
				CLANG_WARN_BLOCK_CAPTURE_AUTORELEASING = YES;
				CLANG_WARN_BOOL_CONVERSION = YES;
				CLANG_WARN_COMMA = YES;
				CLANG_WARN_CONSTANT_CONVERSION = YES;
				CLANG_WARN_DEPRECATED_OBJC_IMPLEMENTATIONS = YES;
				CLANG_WARN_DIRECT_OBJC_ISA_USAGE = YES_ERROR;
				CLANG_WARN_DOCUMENTATION_COMMENTS = YES;
				CLANG_WARN_EMPTY_BODY = YES;
				CLANG_WARN_ENUM_CONVERSION = YES;
				CLANG_WARN_INFINITE_RECURSION = YES;
				CLANG_WARN_INT_CONVERSION = YES;
				CLANG_WARN_NON_LITERAL_NULL_CONVERSION = YES;
				CLANG_WARN_OBJC_IMPLICIT_RETAIN_SELF = YES;
				CLANG_WARN_OBJC_LITERAL_CONVERSION = YES;
				CLANG_WARN_OBJC_ROOT_CLASS = YES_ERROR;
				CLANG_WARN_QUOTED_INCLUDE_IN_FRAMEWORK_HEADER = YES;
				CLANG_WARN_RANGE_LOOP_ANALYSIS = YES;
				CLANG_WARN_STRICT_PROTOTYPES = YES;
				CLANG_WARN_SUSPICIOUS_MOVE = YES;
				CLANG_WARN_UNGUARDED_AVAILABILITY = YES_AGGRESSIVE;
				CLANG_WARN_UNREACHABLE_CODE = YES;
				CLANG_WARN__DUPLICATE_METHOD_MATCH = YES;
				COPY_PHASE_STRIP = NO;
				DEBUG_INFORMATION_FORMAT = dwarf;
				ENABLE_STRICT_OBJC_MSGSEND = YES;
				ENABLE_TESTABILITY = YES;
				GCC_C_LANGUAGE_STANDARD = gnu11;
				GCC_DYNAMIC_NO_PIC = NO;
				GCC_NO_COMMON_BLOCKS = YES;
				GCC_OPTIMIZATION_LEVEL = 0;
				GCC_PREPROCESSOR_DEFINITIONS = (
					"DEBUG=1",
					"$(inherited)",
				);
				GCC_WARN_64_TO_32_BIT_CONVERSION = YES;
				GCC_WARN_ABOUT_RETURN_TYPE = YES_ERROR;
				GCC_WARN_UNDECLARED_SELECTOR = YES;
				GCC_WARN_UNINITIALIZED_AUTOS = YES_AGGRESSIVE;
				GCC_WARN_UNUSED_FUNCTION = YES;
				GCC_WARN_UNUSED_VARIABLE = YES;
				IPHONEOS_DEPLOYMENT_TARGET = 14.3;
				MTL_ENABLE_DEBUG_INFO = INCLUDE_SOURCE;
				MTL_FAST_MATH = YES;
				ONLY_ACTIVE_ARCH = YES;
				SDKROOT = iphoneos;
				SWIFT_ACTIVE_COMPILATION_CONDITIONS = DEBUG;
				SWIFT_OPTIMIZATION_LEVEL = "-Onone";
			};
			name = Debug;
		};
		820931DF259DF48F0032B6C2 /* Release */ = {
			isa = XCBuildConfiguration;
			buildSettings = {
				ALWAYS_SEARCH_USER_PATHS = NO;
				CLANG_ANALYZER_NONNULL = YES;
				CLANG_ANALYZER_NUMBER_OBJECT_CONVERSION = YES_AGGRESSIVE;
				CLANG_CXX_LANGUAGE_STANDARD = "gnu++14";
				CLANG_CXX_LIBRARY = "libc++";
				CLANG_ENABLE_MODULES = YES;
				CLANG_ENABLE_OBJC_ARC = YES;
				CLANG_ENABLE_OBJC_WEAK = YES;
				CLANG_WARN_BLOCK_CAPTURE_AUTORELEASING = YES;
				CLANG_WARN_BOOL_CONVERSION = YES;
				CLANG_WARN_COMMA = YES;
				CLANG_WARN_CONSTANT_CONVERSION = YES;
				CLANG_WARN_DEPRECATED_OBJC_IMPLEMENTATIONS = YES;
				CLANG_WARN_DIRECT_OBJC_ISA_USAGE = YES_ERROR;
				CLANG_WARN_DOCUMENTATION_COMMENTS = YES;
				CLANG_WARN_EMPTY_BODY = YES;
				CLANG_WARN_ENUM_CONVERSION = YES;
				CLANG_WARN_INFINITE_RECURSION = YES;
				CLANG_WARN_INT_CONVERSION = YES;
				CLANG_WARN_NON_LITERAL_NULL_CONVERSION = YES;
				CLANG_WARN_OBJC_IMPLICIT_RETAIN_SELF = YES;
				CLANG_WARN_OBJC_LITERAL_CONVERSION = YES;
				CLANG_WARN_OBJC_ROOT_CLASS = YES_ERROR;
				CLANG_WARN_QUOTED_INCLUDE_IN_FRAMEWORK_HEADER = YES;
				CLANG_WARN_RANGE_LOOP_ANALYSIS = YES;
				CLANG_WARN_STRICT_PROTOTYPES = YES;
				CLANG_WARN_SUSPICIOUS_MOVE = YES;
				CLANG_WARN_UNGUARDED_AVAILABILITY = YES_AGGRESSIVE;
				CLANG_WARN_UNREACHABLE_CODE = YES;
				CLANG_WARN__DUPLICATE_METHOD_MATCH = YES;
				COPY_PHASE_STRIP = NO;
				DEBUG_INFORMATION_FORMAT = "dwarf-with-dsym";
				ENABLE_NS_ASSERTIONS = NO;
				ENABLE_STRICT_OBJC_MSGSEND = YES;
				GCC_C_LANGUAGE_STANDARD = gnu11;
				GCC_NO_COMMON_BLOCKS = YES;
				GCC_WARN_64_TO_32_BIT_CONVERSION = YES;
				GCC_WARN_ABOUT_RETURN_TYPE = YES_ERROR;
				GCC_WARN_UNDECLARED_SELECTOR = YES;
				GCC_WARN_UNINITIALIZED_AUTOS = YES_AGGRESSIVE;
				GCC_WARN_UNUSED_FUNCTION = YES;
				GCC_WARN_UNUSED_VARIABLE = YES;
				IPHONEOS_DEPLOYMENT_TARGET = 14.3;
				MTL_ENABLE_DEBUG_INFO = NO;
				MTL_FAST_MATH = YES;
				SDKROOT = iphoneos;
				SWIFT_COMPILATION_MODE = wholemodule;
				SWIFT_OPTIMIZATION_LEVEL = "-O";
				VALIDATE_PRODUCT = YES;
			};
			name = Release;
		};
		820931E1259DF48F0032B6C2 /* Debug */ = {
			isa = XCBuildConfiguration;
			buildSettings = {
				ASSETCATALOG_COMPILER_APPICON_NAME = AppIcon;
				ASSETCATALOG_COMPILER_GLOBAL_ACCENT_COLOR_NAME = AccentColor;
				CODE_SIGN_STYLE = Automatic;
				DEVELOPMENT_ASSET_PATHS = "\"PictureBook/Preview Content\"";
				DEVELOPMENT_TEAM = FHC8TY7TG6;
				ENABLE_PREVIEWS = YES;
				INFOPLIST_FILE = PictureBook/Info.plist;
				IPHONEOS_DEPLOYMENT_TARGET = 14.0;
				LD_RUNPATH_SEARCH_PATHS = (
					"$(inherited)",
					"@executable_path/Frameworks",
				);
				PRODUCT_BUNDLE_IDENTIFIER = net.davepope.PictureBook;
				PRODUCT_NAME = "$(TARGET_NAME)";
				SWIFT_VERSION = 5.0;
				TARGETED_DEVICE_FAMILY = "1,2";
			};
			name = Debug;
		};
		820931E2259DF48F0032B6C2 /* Release */ = {
			isa = XCBuildConfiguration;
			buildSettings = {
				ASSETCATALOG_COMPILER_APPICON_NAME = AppIcon;
				ASSETCATALOG_COMPILER_GLOBAL_ACCENT_COLOR_NAME = AccentColor;
				CODE_SIGN_STYLE = Automatic;
				DEVELOPMENT_ASSET_PATHS = "\"PictureBook/Preview Content\"";
				DEVELOPMENT_TEAM = FHC8TY7TG6;
				ENABLE_PREVIEWS = YES;
				INFOPLIST_FILE = PictureBook/Info.plist;
				IPHONEOS_DEPLOYMENT_TARGET = 14.0;
				LD_RUNPATH_SEARCH_PATHS = (
					"$(inherited)",
					"@executable_path/Frameworks",
				);
				PRODUCT_BUNDLE_IDENTIFIER = net.davepope.PictureBook;
				PRODUCT_NAME = "$(TARGET_NAME)";
				SWIFT_VERSION = 5.0;
				TARGETED_DEVICE_FAMILY = "1,2";
			};
			name = Release;
		};
/* End XCBuildConfiguration section */

/* Begin XCConfigurationList section */
		820931CC259DF48C0032B6C2 /* Build configuration list for PBXProject "PictureBook" */ = {
			isa = XCConfigurationList;
			buildConfigurations = (
				820931DE259DF48F0032B6C2 /* Debug */,
				820931DF259DF48F0032B6C2 /* Release */,
			);
			defaultConfigurationIsVisible = 0;
			defaultConfigurationName = Release;
		};
		820931E0259DF48F0032B6C2 /* Build configuration list for PBXNativeTarget "PictureBook" */ = {
			isa = XCConfigurationList;
			buildConfigurations = (
				820931E1259DF48F0032B6C2 /* Debug */,
				820931E2259DF48F0032B6C2 /* Release */,
			);
			defaultConfigurationIsVisible = 0;
			defaultConfigurationName = Release;
		};
/* End XCConfigurationList section */
	};
	rootObject = 820931C9259DF48C0032B6C2 /* Project object */;
}
